
Microsoft Visual Studio Solution File, Format Version 12.00
# Visual Studio 2013
VisualStudioVersion = 12.0.30723.0
MinimumVisualStudioVersion = 10.0.40219.1
Project("{8BC9CEB8-8B4A-11D0-8D11-00A0C91BC942}") = "HeapIncpp", "HeapIncpp\HeapIncpp.vcxproj", "{653C6543-58C4-4F23-822B-650AAB6D71B0}"
EndProject
Global
	GlobalSection(SolutionConfigurationPlatforms) = preSolution
		Debug|Win32 = Debug|Win32
		Release|Win32 = Release|Win32
	EndGlobalSection
	GlobalSection(ProjectConfigurationPlatforms) = postSolution
		{653C6543-58C4-4F23-822B-650AAB6D71B0}.Debug|Win32.ActiveCfg = Debug|Win32
		{653C6543-58C4-4F23-822B-650AAB6D71B0}.Debug|Win32.Build.0 = Debug|Win32
		{653C6543-58C4-4F23-822B-650AAB6D71B0}.Release|Win32.ActiveCfg = Release|Win32
		{653C6543-58C4-4F23-822B-650AAB6D71B0}.Release|Win32.Build.0 = Release|Win32
	EndGlobalSection
	GlobalSection(SolutionProperties) = preSolution
		HideSolutionNode = FALSE
	EndGlobalSection
EndGlobal
